{
  "lockfileVersion": 1,
  "workspaces": {
    "": {
      "dependencies": {
        "assemblyai": "^4.9.0",
      },
    },
  },
  "packages": {
    "assemblyai": ["assemblyai@4.9.0", "", { "dependencies": { "ws": "^8.18.0" } }, "sha512-YUvkVIdMKvMLNQ07zWNma9YWvdSoGZy9RuJ/fB5uceAgDnTL2uo8sAlytkt52hD8DJ61xmZkfO9jkjXl3sZTiw=="],

    "ws": ["ws@8.18.0", "", { "peerDependencies": { "bufferutil": "^4.0.1", "utf-8-validate": ">=5.0.2" }, "optionalPeers": ["bufferutil", "utf-8-validate"] }, "sha512-8VbfWfHLbbwu3+N6OKsOMpBdT4kXPDDB9cJk2bJ6mh9ucxdlnNvH1e+roYkKmN9Nxw2yjz7VzeO9oOz2zJ04Pw=="],
  }
}
